
Microsoft Visual Studio Solution File, Format Version 12.00
# Visual Studio Version 18
VisualStudioVersion = 18.6.11806.211
MinimumVisualStudioVersion = 10.0.40219.1
Project("{2150E333-8FDC-42A3-9474-1A3956D46DE8}") = "Services", "Services", "{629CF920-BCBF-443F-A57E-C7DA6486CAFA}"
EndProject
Project("{2150E333-8FDC-42A3-9474-1A3956D46DE8}") = "Catalog", "Catalog", "{B83DF703-B914-4E8D-916C-DE6C71C7E1D5}"
EndProject
Project("{9A19103F-16F7-4668-BE54-9A1E7A4F7556}") = "Catalog.API", "Services\Catalog\Catalog.API\Catalog.API.csproj", "{6E8D8894-24D3-431E-8A36-745B1B75CFBA}"
EndProject
Project("{2150E333-8FDC-42A3-9474-1A3956D46DE8}") = "SharedKernel", "SharedKernel", "{E41BEA72-7600-42C8-B13A-B3BC92FBBDF6}"
EndProject
Project("{E53339B2-1760-4266-BCC7-CA923CBCF16C}") = "docker-compose", "docker-compose.dcproj", "{BA4FD949-F506-46E3-A35E-51E9A692B9DA}"
EndProject
Project("{2150E333-8FDC-42A3-9474-1A3956D46DE8}") = "Basket", "Basket", "{03F12EF2-D5B4-4C38-BB80-8C439F2500AB}"
EndProject
Project("{FAE04EC0-301F-11D3-BF4B-00C04F79EFBC}") = "Basket.API", "Services\Basket\Basket.API\Basket.API.csproj", "{EB0397E5-B209-4692-8A81-2922F93861B8}"
EndProject
Project("{FAE04EC0-301F-11D3-BF4B-00C04F79EFBC}") = "SharedKernel", "SharedKernel\SharedKernel.csproj", "{E68FA0BA-F0A4-F704-5156-C748B031AB9D}"
EndProject
Project("{2150E333-8FDC-42A3-9474-1A3956D46DE8}") = "Discount", "Discount", "{C43EDFF0-7B2D-49CA-A289-AD60FE878C22}"
EndProject
Project("{FAE04EC0-301F-11D3-BF4B-00C04F79EFBC}") = "Discount.Grpc", "Services\Discount\Discount.Grpc\Discount.Grpc.csproj", "{71C2D106-3B37-4A3E-99DA-5ACC9DF3EB3C}"
EndProject
Project("{2150E333-8FDC-42A3-9474-1A3956D46DE8}") = "Ordering", "Ordering", "{E93BC2FE-BF5B-4546-8779-ED20D9078158}"
EndProject
Project("{FAE04EC0-301F-11D3-BF4B-00C04F79EFBC}") = "Ordering.API", "Services\Ordering\Ordering.API\Ordering.API.csproj", "{FC5B7B70-605B-4D7A-91CF-537F7AC02320}"
EndProject
Project("{FAE04EC0-301F-11D3-BF4B-00C04F79EFBC}") = "Ordering.Domain", "Services\Ordering\Ordering.Domain\Ordering.Domain.csproj", "{6A89FF31-9BBE-4AEB-995C-78908D13BFC1}"
EndProject
Project("{FAE04EC0-301F-11D3-BF4B-00C04F79EFBC}") = "Ordering.Application", "Services\Ordering\Ordering.Application\Ordering.Application.csproj", "{AD1C43C4-AE4F-4844-88F8-EBF0F0AAE62B}"
EndProject
Project("{FAE04EC0-301F-11D3-BF4B-00C04F79EFBC}") = "Ordering.Infrastructure", "Services\Ordering\Ordering.Infrastructure\Ordering.Infrastructure.csproj", "{26D43787-3440-4C65-A605-C97C84072025}"
EndProject
Global
	GlobalSection(SolutionConfigurationPlatforms) = preSolution
		Debug|Any CPU = Debug|Any CPU
		Release|Any CPU = Release|Any CPU
	EndGlobalSection
	GlobalSection(ProjectConfigurationPlatforms) = postSolution
		{6E8D8894-24D3-431E-8A36-745B1B75CFBA}.Debug|Any CPU.ActiveCfg = Debug|Any CPU
		{6E8D8894-24D3-431E-8A36-745B1B75CFBA}.Debug|Any CPU.Build.0 = Debug|Any CPU
		{6E8D8894-24D3-431E-8A36-745B1B75CFBA}.Release|Any CPU.ActiveCfg = Release|Any CPU
		{6E8D8894-24D3-431E-8A36-745B1B75CFBA}.Release|Any CPU.Build.0 = Release|Any CPU
		{BA4FD949-F506-46E3-A35E-51E9A692B9DA}.Debug|Any CPU.ActiveCfg = Debug|Any CPU
		{BA4FD949-F506-46E3-A35E-51E9A692B9DA}.Debug|Any CPU.Build.0 = Debug|Any CPU
		{BA4FD949-F506-46E3-A35E-51E9A692B9DA}.Release|Any CPU.ActiveCfg = Release|Any CPU
		{BA4FD949-F506-46E3-A35E-51E9A692B9DA}.Release|Any CPU.Build.0 = Release|Any CPU
		{EB0397E5-B209-4692-8A81-2922F93861B8}.Debug|Any CPU.ActiveCfg = Debug|Any CPU
		{EB0397E5-B209-4692-8A81-2922F93861B8}.Debug|Any CPU.Build.0 = Debug|Any CPU
		{EB0397E5-B209-4692-8A81-2922F93861B8}.Release|Any CPU.ActiveCfg = Release|Any CPU
		{EB0397E5-B209-4692-8A81-2922F93861B8}.Release|Any CPU.Build.0 = Release|Any CPU
		{E68FA0BA-F0A4-F704-5156-C748B031AB9D}.Debug|Any CPU.ActiveCfg = Debug|Any CPU
		{E68FA0BA-F0A4-F704-5156-C748B031AB9D}.Debug|Any CPU.Build.0 = Debug|Any CPU
		{E68FA0BA-F0A4-F704-5156-C748B031AB9D}.Release|Any CPU.ActiveCfg = Release|Any CPU
		{E68FA0BA-F0A4-F704-5156-C748B031AB9D}.Release|Any CPU.Build.0 = Release|Any CPU
		{71C2D106-3B37-4A3E-99DA-5ACC9DF3EB3C}.Debug|Any CPU.ActiveCfg = Debug|Any CPU
		{71C2D106-3B37-4A3E-99DA-5ACC9DF3EB3C}.Debug|Any CPU.Build.0 = Debug|Any CPU
		{71C2D106-3B37-4A3E-99DA-5ACC9DF3EB3C}.Release|Any CPU.ActiveCfg = Release|Any CPU
		{71C2D106-3B37-4A3E-99DA-5ACC9DF3EB3C}.Release|Any CPU.Build.0 = Release|Any CPU
		{FC5B7B70-605B-4D7A-91CF-537F7AC02320}.Debug|Any CPU.ActiveCfg = Debug|Any CPU
		{FC5B7B70-605B-4D7A-91CF-537F7AC02320}.Debug|Any CPU.Build.0 = Debug|Any CPU
		{FC5B7B70-605B-4D7A-91CF-537F7AC02320}.Release|Any CPU.ActiveCfg = Release|Any CPU
		{FC5B7B70-605B-4D7A-91CF-537F7AC02320}.Release|Any CPU.Build.0 = Release|Any CPU
		{6A89FF31-9BBE-4AEB-995C-78908D13BFC1}.Debug|Any CPU.ActiveCfg = Debug|Any CPU
		{6A89FF31-9BBE-4AEB-995C-78908D13BFC1}.Debug|Any CPU.Build.0 = Debug|Any CPU
		{6A89FF31-9BBE-4AEB-995C-78908D13BFC1}.Release|Any CPU.ActiveCfg = Release|Any CPU
		{6A89FF31-9BBE-4AEB-995C-78908D13BFC1}.Release|Any CPU.Build.0 = Release|Any CPU
		{AD1C43C4-AE4F-4844-88F8-EBF0F0AAE62B}.Debug|Any CPU.ActiveCfg = Debug|Any CPU
		{AD1C43C4-AE4F-4844-88F8-EBF0F0AAE62B}.Debug|Any CPU.Build.0 = Debug|Any CPU
		{AD1C43C4-AE4F-4844-88F8-EBF0F0AAE62B}.Release|Any CPU.ActiveCfg = Release|Any CPU
		{AD1C43C4-AE4F-4844-88F8-EBF0F0AAE62B}.Release|Any CPU.Build.0 = Release|Any CPU
		{26D43787-3440-4C65-A605-C97C84072025}.Debug|Any CPU.ActiveCfg = Debug|Any CPU
		{26D43787-3440-4C65-A605-C97C84072025}.Debug|Any CPU.Build.0 = Debug|Any CPU
		{26D43787-3440-4C65-A605-C97C84072025}.Release|Any CPU.ActiveCfg = Release|Any CPU
		{26D43787-3440-4C65-A605-C97C84072025}.Release|Any CPU.Build.0 = Release|Any CPU
	EndGlobalSection
	GlobalSection(SolutionProperties) = preSolution
		HideSolutionNode = FALSE
	EndGlobalSection
	GlobalSection(NestedProjects) = preSolution
		{B83DF703-B914-4E8D-916C-DE6C71C7E1D5} = {629CF920-BCBF-443F-A57E-C7DA6486CAFA}
		{6E8D8894-24D3-431E-8A36-745B1B75CFBA} = {B83DF703-B914-4E8D-916C-DE6C71C7E1D5}
		{03F12EF2-D5B4-4C38-BB80-8C439F2500AB} = {629CF920-BCBF-443F-A57E-C7DA6486CAFA}
		{EB0397E5-B209-4692-8A81-2922F93861B8} = {03F12EF2-D5B4-4C38-BB80-8C439F2500AB}
		{E68FA0BA-F0A4-F704-5156-C748B031AB9D} = {E41BEA72-7600-42C8-B13A-B3BC92FBBDF6}
		{C43EDFF0-7B2D-49CA-A289-AD60FE878C22} = {629CF920-BCBF-443F-A57E-C7DA6486CAFA}
		{71C2D106-3B37-4A3E-99DA-5ACC9DF3EB3C} = {C43EDFF0-7B2D-49CA-A289-AD60FE878C22}
		{E93BC2FE-BF5B-4546-8779-ED20D9078158} = {629CF920-BCBF-443F-A57E-C7DA6486CAFA}
		{FC5B7B70-605B-4D7A-91CF-537F7AC02320} = {E93BC2FE-BF5B-4546-8779-ED20D9078158}
		{6A89FF31-9BBE-4AEB-995C-78908D13BFC1} = {E93BC2FE-BF5B-4546-8779-ED20D9078158}
		{AD1C43C4-AE4F-4844-88F8-EBF0F0AAE62B} = {E93BC2FE-BF5B-4546-8779-ED20D9078158}
		{26D43787-3440-4C65-A605-C97C84072025} = {E93BC2FE-BF5B-4546-8779-ED20D9078158}
	EndGlobalSection
	GlobalSection(ExtensibilityGlobals) = postSolution
		SolutionGuid = {F845B4D3-DE50-4DD8-8898-2E0411B3B622}
	EndGlobalSection
EndGlobal
